
Microsoft Visual Studio Solution File, Format Version 12.00
# Visual Studio Version 16
VisualStudioVersion = 16.0.31205.134
MinimumVisualStudioVersion = 10.0.40219.1
Project("{9A19103F-16F7-4668-BE54-9A1E7A4F7556}") = "RazorPagesTurtle", "RazorPagesTurtle.csproj", "{31183E26-755B-4E2D-A89B-FC2E6CF2E250}"
EndProject
Global
	GlobalSection(SolutionConfigurationPlatforms) = preSolution
		Debug|Any CPU = Debug|Any CPU
		Release|Any CPU = Release|Any CPU
	EndGlobalSection
	GlobalSection(ProjectConfigurationPlatforms) = postSolution
		{31183E26-755B-4E2D-A89B-FC2E6CF2E250}.Debug|Any CPU.ActiveCfg = Debug|Any CPU
		{31183E26-755B-4E2D-A89B-FC2E6CF2E250}.Debug|Any CPU.Build.0 = Debug|Any CPU
		{31183E26-755B-4E2D-A89B-FC2E6CF2E250}.Release|Any CPU.ActiveCfg = Release|Any CPU
		{31183E26-755B-4E2D-A89B-FC2E6CF2E250}.Release|Any CPU.Build.0 = Release|Any CPU
	EndGlobalSection
	GlobalSection(SolutionProperties) = preSolution
		HideSolutionNode = FALSE
	EndGlobalSection
	GlobalSection(ExtensibilityGlobals) = postSolution
		SolutionGuid = {7FF982C9-0132-41DF-B7B4-D46F2D243081}
	EndGlobalSection
EndGlobal
